
Microsoft Visual Studio Solution File, Format Version 12.00
# Visual Studio Version 17
VisualStudioVersion = 17.0.32126.317
MinimumVisualStudioVersion = 10.0.40219.1
Project("{9A19103F-16F7-4668-BE54-9A1E7A4F7556}") = "UserApi", "UserApi\UserApi.csproj", "{6ADC6B71-8D02-4BA4-838A-6306B72FA11F}"
EndProject
Global
	GlobalSection(SolutionConfigurationPlatforms) = preSolution
		Debug|Any CPU = Debug|Any CPU
		Release|Any CPU = Release|Any CPU
	EndGlobalSection
	GlobalSection(ProjectConfigurationPlatforms) = postSolution
		{6ADC6B71-8D02-4BA4-838A-6306B72FA11F}.Debug|Any CPU.ActiveCfg = Debug|Any CPU
		{6ADC6B71-8D02-4BA4-838A-6306B72FA11F}.Debug|Any CPU.Build.0 = Debug|Any CPU
		{6ADC6B71-8D02-4BA4-838A-6306B72FA11F}.Release|Any CPU.ActiveCfg = Release|Any CPU
		{6ADC6B71-8D02-4BA4-838A-6306B72FA11F}.Release|Any CPU.Build.0 = Release|Any CPU
	EndGlobalSection
	GlobalSection(SolutionProperties) = preSolution
		HideSolutionNode = FALSE
	EndGlobalSection
	GlobalSection(ExtensibilityGlobals) = postSolution
		SolutionGuid = {2D6C1AA7-DCAC-4272-926D-08E8E131FAB5}
	EndGlobalSection
EndGlobal
